
Microsoft Visual Studio Solution File, Format Version 12.00
# Visual Studio Version 16
VisualStudioVersion = 16.0.31729.503
MinimumVisualStudioVersion = 10.0.40219.1
Project("{FAE04EC0-301F-11D3-BF4B-00C04F79EFBC}") = "ZaplanujTreningAPI", "ZaplanujTreningAPI\ZaplanujTreningAPI.csproj", "{FCFB2BF4-2E02-4D28-A362-2C3E7FEDCF03}"
EndProject
Global
	GlobalSection(SolutionConfigurationPlatforms) = preSolution
		Debug|Any CPU = Debug|Any CPU
		Release|Any CPU = Release|Any CPU
	EndGlobalSection
	GlobalSection(ProjectConfigurationPlatforms) = postSolution
		{FCFB2BF4-2E02-4D28-A362-2C3E7FEDCF03}.Debug|Any CPU.ActiveCfg = Debug|Any CPU
		{FCFB2BF4-2E02-4D28-A362-2C3E7FEDCF03}.Debug|Any CPU.Build.0 = Debug|Any CPU
		{FCFB2BF4-2E02-4D28-A362-2C3E7FEDCF03}.Release|Any CPU.ActiveCfg = Release|Any CPU
		{FCFB2BF4-2E02-4D28-A362-2C3E7FEDCF03}.Release|Any CPU.Build.0 = Release|Any CPU
	EndGlobalSection
	GlobalSection(SolutionProperties) = preSolution
		HideSolutionNode = FALSE
	EndGlobalSection
	GlobalSection(ExtensibilityGlobals) = postSolution
		SolutionGuid = {04586328-A83E-4F21-88D2-7F6C6F3260A9}
	EndGlobalSection
EndGlobal
